
Microsoft Visual Studio Solution File, Format Version 12.00
# Visual Studio Version 17
VisualStudioVersion = 17.10.35027.167
MinimumVisualStudioVersion = 10.0.40219.1
Project("{FAE04EC0-301F-11D3-BF4B-00C04F79EFBC}") = "NewForce", "NewForce\NewForce.csproj", "{3D7A933D-590B-4E0F-B254-977E7EA764EE}"
EndProject
Global
	GlobalSection(SolutionConfigurationPlatforms) = preSolution
		Debug|Any CPU = Debug|Any CPU
		Release|Any CPU = Release|Any CPU
	EndGlobalSection
	GlobalSection(ProjectConfigurationPlatforms) = postSolution
		{3D7A933D-590B-4E0F-B254-977E7EA764EE}.Debug|Any CPU.ActiveCfg = Debug|Any CPU
		{3D7A933D-590B-4E0F-B254-977E7EA764EE}.Debug|Any CPU.Build.0 = Debug|Any CPU
		{3D7A933D-590B-4E0F-B254-977E7EA764EE}.Release|Any CPU.ActiveCfg = Release|Any CPU
		{3D7A933D-590B-4E0F-B254-977E7EA764EE}.Release|Any CPU.Build.0 = Release|Any CPU
	EndGlobalSection
	GlobalSection(SolutionProperties) = preSolution
		HideSolutionNode = FALSE
	EndGlobalSection
	GlobalSection(ExtensibilityGlobals) = postSolution
		SolutionGuid = {BE6F28C1-7206-4373-BDC1-B37890D5BEC8}
	EndGlobalSection
EndGlobal
